// !$*UTF8*$!
{
	archiveVersion = 1;
	classes = {
	};
	objectVersion = 50;
	objects = {

/* Begin PBXBuildFile section */
		97BCCBB32500D95F00D2B140 /* AppDelegate.swift in Sources */ = {isa = PBXBuildFile; fileRef = 97BCCBB22500D95F00D2B140 /* AppDelegate.swift */; };
		97BCCBB52500D95F00D2B140 /* SceneDelegate.swift in Sources */ = {isa = PBXBuildFile; fileRef = 97BCCBB42500D95F00D2B140 /* SceneDelegate.swift */; };
		97BCCBB72500D95F00D2B140 /* ViewController.swift in Sources */ = {isa = PBXBuildFile; fileRef = 97BCCBB62500D95F00D2B140 /* ViewController.swift */; };
		97BCCBBA2500D95F00D2B140 /* Main.storyboard in Resources */ = {isa = PBXBuildFile; fileRef = 97BCCBB82500D95F00D2B140 /* Main.storyboard */; };
		97BCCBBD2500D95F00D2B140 /* git.xcdatamodeld in Sources */ = {isa = PBXBuildFile; fileRef = 97BCCBBB2500D95F00D2B140 /* git.xcdatamodeld */; };
		97BCCBBF2500D96000D2B140 /* Assets.xcassets in Resources */ = {isa = PBXBuildFile; fileRef = 97BCCBBE2500D96000D2B140 /* Assets.xcassets */; };
		97BCCBC22500D96000D2B140 /* LaunchScreen.storyboard in Resources */ = {isa = PBXBuildFile; fileRef = 97BCCBC02500D96000D2B140 /* LaunchScreen.storyboard */; };
/* End PBXBuildFile section */

/* Begin PBXFileReference section */
		97BCCBAF2500D95F00D2B140 /* git.app */ = {isa = PBXFileReference; explicitFileType = wrapper.application; includeInIndex = 0; path = git.app; sourceTree = BUILT_PRODUCTS_DIR; };
		97BCCBB22500D95F00D2B140 /* AppDelegate.swift */ = {isa = PBXFileReference; lastKnownFileType = sourcecode.swift; path = AppDelegate.swift; sourceTree = "<group>"; };
		97BCCBB42500D95F00D2B140 /* SceneDelegate.swift */ = {isa = PBXFileReference; lastKnownFileType = sourcecode.swift; path = SceneDelegate.swift; sourceTree = "<group>"; };
		97BCCBB62500D95F00D2B140 /* ViewController.swift */ = {isa = PBXFileReference; lastKnownFileType = sourcecode.swift; path = ViewController.swift; sourceTree = "<group>"; };
		97BCCBB92500D95F00D2B140 /* Base */ = {isa = PBXFileReference; lastKnownFileType = file.storyboard; name = Base; path = Base.lproj/Main.storyboard; sourceTree = "<group>"; };
		97BCCBBC2500D95F00D2B140 /* git.xcdatamodel */ = {isa = PBXFileReference; lastKnownFileType = wrapper.xcdatamodel; path = git.xcdatamodel; sourceTree = "<group>"; };
		97BCCBBE2500D96000D2B140 /* Assets.xcassets */ = {isa = PBXFileReference; lastKnownFileType = folder.assetcatalog; path = Assets.xcassets; sourceTree = "<group>"; };
		97BCCBC12500D96000D2B140 /* Base */ = {isa = PBXFileReference; lastKnownFileType = file.storyboard; name = Base; path = Base.lproj/LaunchScreen.storyboard; sourceTree = "<group>"; };
		97BCCBC32500D96000D2B140 /* Info.plist */ = {isa = PBXFileReference; lastKnownFileType = text.plist.xml; path = Info.plist; sourceTree = "<group>"; };
/* End PBXFileReference section */

/* Begin PBXFrameworksBuildPhase section */
		97BCCBAC2500D95F00D2B140 /* Frameworks */ = {
			isa = PBXFrameworksBuildPhase;
			buildActionMask = 2147483647;
			files = (
			);
			runOnlyForDeploymentPostprocessing = 0;
		};
/* End PBXFrameworksBuildPhase section */

/* Begin PBXGroup section */
		97BCCBA62500D95F00D2B140 = {
			isa = PBXGroup;
			children = (
				97BCCBB12500D95F00D2B140 /* git */,
				97BCCBB02500D95F00D2B140 /* Products */,
			);
			sourceTree = "<group>";
		};
		97BCCBB02500D95F00D2B140 /* Products */ = {
			isa = PBXGroup;
			children = (
				97BCCBAF2500D95F00D2B140 /* git.app */,
			);
			name = Products;
			sourceTree = "<group>";
		};
		97BCCBB12500D95F00D2B140 /* git */ = {
			isa = PBXGroup;
			children = (
				97BCCBB22500D95F00D2B140 /* AppDelegate.swift */,
				97BCCBB42500D95F00D2B140 /* SceneDelegate.swift */,
				97BCCBB62500D95F00D2B140 /* ViewController.swift */,
				97BCCBB82500D95F00D2B140 /* Main.storyboard */,
				97BCCBBE2500D96000D2B140 /* Assets.xcassets */,
				97BCCBC02500D96000D2B140 /* LaunchScreen.storyboard */,
				97BCCBC32500D96000D2B140 /* Info.plist */,
				97BCCBBB2500D95F00D2B140 /* git.xcdatamodeld */,
			);
			path = git;
			sourceTree = "<group>";
		};
/* End PBXGroup section */

/* Begin PBXNativeTarget section */
		97BCCBAE2500D95F00D2B140 /* git */ = {
			isa = PBXNativeTarget;
			buildConfigurationList = 97BCCBC62500D96000D2B140 /* Build configuration list for PBXNativeTarget "git" */;
			buildPhases = (
				97BCCBAB2500D95F00D2B140 /* Sources */,
				97BCCBAC2500D95F00D2B140 /* Frameworks */,
				97BCCBAD2500D95F00D2B140 /* Resources */,
			);
			buildRules = (
			);
			dependencies = (
			);
			name = git;
			productName = git;
			productReference = 97BCCBAF2500D95F00D2B140 /* git.app */;
			productType = "com.apple.product-type.application";
		};
/* End PBXNativeTarget section */

/* Begin PBXProject section */
		97BCCBA72500D95F00D2B140 /* Project object */ = {
			isa = PBXProject;
			attributes = {
				LastSwiftUpdateCheck = 1160;
				LastUpgradeCheck = 1160;
				ORGANIZATIONNAME = KuanYu;
				TargetAttributes = {
					97BCCBAE2500D95F00D2B140 = {
						CreatedOnToolsVersion = 11.6;
					};
				};
			};
			buildConfigurationList = 97BCCBAA2500D95F00D2B140 /* Build configuration list for PBXProject "git" */;
			compatibilityVersion = "Xcode 9.3";
			developmentRegion = en;
			hasScannedForEncodings = 0;
			knownRegions = (
				en,
				Base,
			);
			mainGroup = 97BCCBA62500D95F00D2B140;
			productRefGroup = 97BCCBB02500D95F00D2B140 /* Products */;
			projectDirPath = "";
			projectRoot = "";
			targets = (
				97BCCBAE2500D95F00D2B140 /* git */,
			);
		};
/* End PBXProject section */

/* Begin PBXResourcesBuildPhase section */
		97BCCBAD2500D95F00D2B140 /* Resources */ = {
			isa = PBXResourcesBuildPhase;
			buildActionMask = 2147483647;
			files = (
				97BCCBC22500D96000D2B140 /* LaunchScreen.storyboard in Resources */,
				97BCCBBF2500D96000D2B140 /* Assets.xcassets in Resources */,
				97BCCBBA2500D95F00D2B140 /* Main.storyboard in Resources */,
			);
			runOnlyForDeploymentPostprocessing = 0;
		};
/* End PBXResourcesBuildPhase section */

/* Begin PBXSourcesBuildPhase section */
		97BCCBAB2500D95F00D2B140 /* Sources */ = {
			isa = PBXSourcesBuildPhase;
			buildActionMask = 2147483647;
			files = (
				97BCCBBD2500D95F00D2B140 /* git.xcdatamodeld in Sources */,
				97BCCBB72500D95F00D2B140 /* ViewController.swift in Sources */,
				97BCCBB32500D95F00D2B140 /* AppDelegate.swift in Sources */,
				97BCCBB52500D95F00D2B140 /* SceneDelegate.swift in Sources */,
			);
			runOnlyForDeploymentPostprocessing = 0;
		};
/* End PBXSourcesBuildPhase section */

/* Begin PBXVariantGroup section */
		97BCCBB82500D95F00D2B140 /* Main.storyboard */ = {
			isa = PBXVariantGroup;
			children = (
				97BCCBB92500D95F00D2B140 /* Base */,
			);
			name = Main.storyboard;
			sourceTree = "<group>";
		};
		97BCCBC02500D96000D2B140 /* LaunchScreen.storyboard */ = {
			isa = PBXVariantGroup;
			children = (
				97BCCBC12500D96000D2B140 /* Base */,
			);
			name = LaunchScreen.storyboard;
			sourceTree = "<group>";
		};
/* End PBXVariantGroup section */

/* Begin XCBuildConfiguration section */
		97BCCBC42500D96000D2B140 /* Debug */ = {
			isa = XCBuildConfiguration;
			buildSettings = {
				ALWAYS_SEARCH_USER_PATHS = NO;
				CLANG_ANALYZER_NONNULL = YES;
				CLANG_ANALYZER_NUMBER_OBJECT_CONVERSION = YES_AGGRESSIVE;
				CLANG_CXX_LANGUAGE_STANDARD = "gnu++14";
				CLANG_CXX_LIBRARY = "libc++";
				CLANG_ENABLE_MODULES = YES;
				CLANG_ENABLE_OBJC_ARC = YES;
				CLANG_ENABLE_OBJC_WEAK = YES;
				CLANG_WARN_BLOCK_CAPTURE_AUTORELEASING = YES;
				CLANG_WARN_BOOL_CONVERSION = YES;
				CLANG_WARN_COMMA = YES;
				CLANG_WARN_CONSTANT_CONVERSION = YES;
				CLANG_WARN_DEPRECATED_OBJC_IMPLEMENTATIONS = YES;
				CLANG_WARN_DIRECT_OBJC_ISA_USAGE = YES_ERROR;
				CLANG_WARN_DOCUMENTATION_COMMENTS = YES;
				CLANG_WARN_EMPTY_BODY = YES;
				CLANG_WARN_ENUM_CONVERSION = YES;
				CLANG_WARN_INFINITE_RECURSION = YES;
				CLANG_WARN_INT_CONVERSION = YES;
				CLANG_WARN_NON_LITERAL_NULL_CONVERSION = YES;
				CLANG_WARN_OBJC_IMPLICIT_RETAIN_SELF = YES;
				CLANG_WARN_OBJC_LITERAL_CONVERSION = YES;
				CLANG_WARN_OBJC_ROOT_CLASS = YES_ERROR;
				CLANG_WARN_RANGE_LOOP_ANALYSIS = YES;
				CLANG_WARN_STRICT_PROTOTYPES = YES;
				CLANG_WARN_SUSPICIOUS_MOVE = YES;
				CLANG_WARN_UNGUARDED_AVAILABILITY = YES_AGGRESSIVE;
				CLANG_WARN_UNREACHABLE_CODE = YES;
				CLANG_WARN__DUPLICATE_METHOD_MATCH = YES;
				COPY_PHASE_STRIP = NO;
				DEBUG_INFORMATION_FORMAT = dwarf;
				ENABLE_STRICT_OBJC_MSGSEND = YES;
				ENABLE_TESTABILITY = YES;
				GCC_C_LANGUAGE_STANDARD = gnu11;
				GCC_DYNAMIC_NO_PIC = NO;
				GCC_NO_COMMON_BLOCKS = YES;
				GCC_OPTIMIZATION_LEVEL = 0;
				GCC_PREPROCESSOR_DEFINITIONS = (
					"DEBUG=1",
					"$(inherited)",
				);
				GCC_WARN_64_TO_32_BIT_CONVERSION = YES;
				GCC_WARN_ABOUT_RETURN_TYPE = YES_ERROR;
				GCC_WARN_UNDECLARED_SELECTOR = YES;
				GCC_WARN_UNINITIALIZED_AUTOS = YES_AGGRESSIVE;
				GCC_WARN_UNUSED_FUNCTION = YES;
				GCC_WARN_UNUSED_VARIABLE = YES;
				IPHONEOS_DEPLOYMENT_TARGET = 13.6;
				MTL_ENABLE_DEBUG_INFO = INCLUDE_SOURCE;
				MTL_FAST_MATH = YES;
				ONLY_ACTIVE_ARCH = YES;
				SDKROOT = iphoneos;
				SWIFT_ACTIVE_COMPILATION_CONDITIONS = DEBUG;
				SWIFT_OPTIMIZATION_LEVEL = "-Onone";
			};
			name = Debug;
		};
		97BCCBC52500D96000D2B140 /* Release */ = {
			isa = XCBuildConfiguration;
			buildSettings = {
				ALWAYS_SEARCH_USER_PATHS = NO;
				CLANG_ANALYZER_NONNULL = YES;
				CLANG_ANALYZER_NUMBER_OBJECT_CONVERSION = YES_AGGRESSIVE;
				CLANG_CXX_LANGUAGE_STANDARD = "gnu++14";
				CLANG_CXX_LIBRARY = "libc++";
				CLANG_ENABLE_MODULES = YES;
				CLANG_ENABLE_OBJC_ARC = YES;
				CLANG_ENABLE_OBJC_WEAK = YES;
				CLANG_WARN_BLOCK_CAPTURE_AUTORELEASING = YES;
				CLANG_WARN_BOOL_CONVERSION = YES;
				CLANG_WARN_COMMA = YES;
				CLANG_WARN_CONSTANT_CONVERSION = YES;
				CLANG_WARN_DEPRECATED_OBJC_IMPLEMENTATIONS = YES;
				CLANG_WARN_DIRECT_OBJC_ISA_USAGE = YES_ERROR;
				CLANG_WARN_DOCUMENTATION_COMMENTS = YES;
				CLANG_WARN_EMPTY_BODY = YES;
				CLANG_WARN_ENUM_CONVERSION = YES;
				CLANG_WARN_INFINITE_RECURSION = YES;
				CLANG_WARN_INT_CONVERSION = YES;
				CLANG_WARN_NON_LITERAL_NULL_CONVERSION = YES;
				CLANG_WARN_OBJC_IMPLICIT_RETAIN_SELF = YES;
				CLANG_WARN_OBJC_LITERAL_CONVERSION = YES;
				CLANG_WARN_OBJC_ROOT_CLASS = YES_ERROR;
				CLANG_WARN_RANGE_LOOP_ANALYSIS = YES;
				CLANG_WARN_STRICT_PROTOTYPES = YES;
				CLANG_WARN_SUSPICIOUS_MOVE = YES;
				CLANG_WARN_UNGUARDED_AVAILABILITY = YES_AGGRESSIVE;
				CLANG_WARN_UNREACHABLE_CODE = YES;
				CLANG_WARN__DUPLICATE_METHOD_MATCH = YES;
				COPY_PHASE_STRIP = NO;
				DEBUG_INFORMATION_FORMAT = "dwarf-with-dsym";
				ENABLE_NS_ASSERTIONS = NO;
				ENABLE_STRICT_OBJC_MSGSEND = YES;
				GCC_C_LANGUAGE_STANDARD = gnu11;
				GCC_NO_COMMON_BLOCKS = YES;
				GCC_WARN_64_TO_32_BIT_CONVERSION = YES;
				GCC_WARN_ABOUT_RETURN_TYPE = YES_ERROR;
				GCC_WARN_UNDECLARED_SELECTOR = YES;
				GCC_WARN_UNINITIALIZED_AUTOS = YES_AGGRESSIVE;
				GCC_WARN_UNUSED_FUNCTION = YES;
				GCC_WARN_UNUSED_VARIABLE = YES;
				IPHONEOS_DEPLOYMENT_TARGET = 13.6;
				MTL_ENABLE_DEBUG_INFO = NO;
				MTL_FAST_MATH = YES;
				SDKROOT = iphoneos;
				SWIFT_COMPILATION_MODE = wholemodule;
				SWIFT_OPTIMIZATION_LEVEL = "-O";
				VALIDATE_PRODUCT = YES;
			};
			name = Release;
		};
		97BCCBC72500D96000D2B140 /* Debug */ = {
			isa = XCBuildConfiguration;
			buildSettings = {
				ASSETCATALOG_COMPILER_APPICON_NAME = AppIcon;
				CODE_SIGN_STYLE = Automatic;
				DEVELOPMENT_TEAM = 924JRRG5DX;
				INFOPLIST_FILE = git/Info.plist;
				LD_RUNPATH_SEARCH_PATHS = (
					"$(inherited)",
					"@executable_path/Frameworks",
				);
				PRODUCT_BUNDLE_IDENTIFIER = KuanYu.git;
				PRODUCT_NAME = "$(TARGET_NAME)";
				SWIFT_VERSION = 5.0;
				TARGETED_DEVICE_FAMILY = "1,2";
			};
			name = Debug;
		};
		97BCCBC82500D96000D2B140 /* Release */ = {
			isa = XCBuildConfiguration;
			buildSettings = {
				ASSETCATALOG_COMPILER_APPICON_NAME = AppIcon;
				CODE_SIGN_STYLE = Automatic;
				DEVELOPMENT_TEAM = 924JRRG5DX;
				INFOPLIST_FILE = git/Info.plist;
				LD_RUNPATH_SEARCH_PATHS = (
					"$(inherited)",
					"@executable_path/Frameworks",
				);
				PRODUCT_BUNDLE_IDENTIFIER = KuanYu.git;
				PRODUCT_NAME = "$(TARGET_NAME)";
				SWIFT_VERSION = 5.0;
				TARGETED_DEVICE_FAMILY = "1,2";
			};
			name = Release;
		};
/* End XCBuildConfiguration section */

/* Begin XCConfigurationList section */
		97BCCBAA2500D95F00D2B140 /* Build configuration list for PBXProject "git" */ = {
			isa = XCConfigurationList;
			buildConfigurations = (
				97BCCBC42500D96000D2B140 /* Debug */,
				97BCCBC52500D96000D2B140 /* Release */,
			);
			defaultConfigurationIsVisible = 0;
			defaultConfigurationName = Release;
		};
		97BCCBC62500D96000D2B140 /* Build configuration list for PBXNativeTarget "git" */ = {
			isa = XCConfigurationList;
			buildConfigurations = (
				97BCCBC72500D96000D2B140 /* Debug */,
				97BCCBC82500D96000D2B140 /* Release */,
			);
			defaultConfigurationIsVisible = 0;
			defaultConfigurationName = Release;
		};
/* End XCConfigurationList section */

/* Begin XCVersionGroup section */
		97BCCBBB2500D95F00D2B140 /* git.xcdatamodeld */ = {
			isa = XCVersionGroup;
			children = (
				97BCCBBC2500D95F00D2B140 /* git.xcdatamodel */,
			);
			currentVersion = 97BCCBBC2500D95F00D2B140 /* git.xcdatamodel */;
			path = git.xcdatamodeld;
			sourceTree = "<group>";
			versionGroupType = wrapper.xcdatamodel;
		};
/* End XCVersionGroup section */
	};
	rootObject = 97BCCBA72500D95F00D2B140 /* Project object */;
}
